# THIS IS AN AUTOGENERATED FILE. DO NOT EDIT THIS FILE DIRECTLY.
# yarn lockfile v1


"@solfege/application@^4.0.1":
  version "4.0.1"
  resolved "https://registry.yarnpkg.com/@solfege/application/-/application-4.0.1.tgz#24b9c265ee58d98ff86ee057ab2a915d254075c0"
  integrity sha512-rNGUwcQ36FPI3Rasco5bWMMah6OMQ2eEybiQh7dG7HKIDjJMvW0yGQEDR4KD6l8PRxZ2OGySVSbT5kGjYV86JA==

"@solfege/cli@^5.0.0":
  version "5.0.0"
  resolved "https://registry.yarnpkg.com/@solfege/cli/-/cli-5.0.0.tgz#dba40f64079186e7f914609d65d90eedd151d06b"
  integrity sha512-V/gQByeBW3VTcdpPRyjK2IAzp+spfUcxs9Yf9iS5v9OKXs1Uoh4PJykMuoXc+k3VbCd07p+86v6UEr+eXps/Tw==
  dependencies:
    colors "^1.1"
    minimist "^1.2"

"@solfege/configuration-yaml-loader@^2.0.0":
  version "2.0.0"
  resolved "https://registry.yarnpkg.com/@solfege/configuration-yaml-loader/-/configuration-yaml-loader-2.0.0.tgz#69319024187efde75d4240ef87dc471c5b25b14f"
  integrity sha512-SXh2A3Ofjvg8JPtTqn6r3z4poWxdpfzY3TVjv2guCYox248UYAFaIng+NLDoUV0b3Ed6OlaYNZfTp3NJcwoc2Q==
  dependencies:
    config-yaml "^1.1.0"

"@solfege/configuration@^3.0.0":
  version "3.0.0"
  resolved "https://registry.yarnpkg.com/@solfege/configuration/-/configuration-3.0.0.tgz#93f09d8373c13092fa7dd426b57eba269bfe876b"
  integrity sha512-iWkTHCqxyL1EjFNePKcRNXefyOJgZCJLWYchhPImRW8UW52hvapNkpPxseR4iOE2gmW5YHJatpZKtejvNCyAQw==

"@solfege/dependency-injection-configuration-aware@^1.0.0":
  version "1.0.0"
  resolved "https://registry.yarnpkg.com/@solfege/dependency-injection-configuration-aware/-/dependency-injection-configuration-aware-1.0.0.tgz#4e65c772ef075d128e9efe16a351c47a2dd0dcce"
  integrity sha512-jjuuxZU5SyyfIurSItJ7EydeaMWuoVQr3r4aWbHfq/k6Yrwom1iT+jCH3tkrhBS/+QJCTyYQiboR42q336n7eQ==

"@solfege/dependency-injection@^3.0.1":
  version "3.0.2"
  resolved "https://registry.yarnpkg.com/@solfege/dependency-injection/-/dependency-injection-3.0.2.tgz#b08bb2b0fa4839ccb3daaf2256f93a983c5059b0"
  integrity sha512-kyTUi5Kwog1LZ+wTNMcwilDWUw5poGx9qMhinff02+LPhWjkGg/OMTN1HWS+SxQb4gUgjYOj+9e8VIsJBX9x/A==
  dependencies:
    config-yaml "^1.0"

argparse@^1.0.7:
  version "1.0.10"
  resolved "https://registry.yarnpkg.com/argparse/-/argparse-1.0.10.tgz#bcd6791ea5ae09725e17e5ad988134cd40b3d911"
  integrity sha512-o5Roy6tNG4SL/FOkCAN6RzjiakZS25RLYFrcMttJqbdd8BWrnA+fGz57iN5Pb06pvBGvl5gQ0B48dJlslXvoTg==
  dependencies:
    sprintf-js "~1.0.2"

colors@^1.1:
  version "1.3.3"
  resolved "https://registry.yarnpkg.com/colors/-/colors-1.3.3.tgz#39e005d546afe01e01f9c4ca8fa50f686a01205d"
  integrity sha512-mmGt/1pZqYRjMxB1axhTo16/snVZ5krrKkcmMeVKxzECMMXoCgnvTPp10QgHfcbQZw8Dq2jMNG6je4JlWU0gWg==

config-yaml@^1.0, config-yaml@^1.1.0:
  version "1.1.1"
  resolved "https://registry.yarnpkg.com/config-yaml/-/config-yaml-1.1.1.tgz#17296ceee2ae137f06d26ed5351f4c9d6f7855ba"
  integrity sha512-/2s5hdeUOLAR5eIpGWmJhlE3M7vYCwmI4JiCgbnKp3VZbBxGelyBTArcrjg0W/dK+eEDIYpOrhgfuTNhdnUkuQ==
  dependencies:
    deepmerge "^2.1.0"
    js-yaml "^3.11.0"

deepmerge@^2.1.0:
  version "2.2.1"
  resolved "https://registry.yarnpkg.com/deepmerge/-/deepmerge-2.2.1.tgz#5d3ff22a01c00f645405a2fbc17d0778a1801170"
  integrity sha512-R9hc1Xa/NOBi9WRVUWg19rl1UB7Tt4kuPd+thNJgFZoxXsTz7ncaPaeIm+40oSGuP33DfMb4sZt1QIGiJzC4EA==

esprima@^4.0.0:
  version "4.0.1"
  resolved "https://registry.yarnpkg.com/esprima/-/esprima-4.0.1.tgz#13b04cdb3e6c5d19df91ab6987a8695619b0aa71"
  integrity sha512-eGuFFw7Upda+g4p+QHvnW0RyTX/SVeJBDM/gCtMARO0cLuT2HcEKnTPvhjV6aGeqrCB/sbNop0Kszm0jsaWU4A==

js-yaml@^3.11.0:
  version "3.12.1"
  resolved "https://registry.yarnpkg.com/js-yaml/-/js-yaml-3.12.1.tgz#295c8632a18a23e054cf5c9d3cecafe678167600"
  integrity sha512-um46hB9wNOKlwkHgiuyEVAybXBjwFUV0Z/RaHJblRd9DXltue9FTYvzCr9ErQrK9Adz5MU4gHWVaNUfdmrC8qA==
  dependencies:
    argparse "^1.0.7"
    esprima "^4.0.0"

minimist@^1.2:
  version "1.2.0"
  resolved "https://registry.yarnpkg.com/minimist/-/minimist-1.2.0.tgz#a35008b20f41383eec1fb914f4cd5df79a264284"
  integrity sha1-o1AIsg9BOD7sH7kU9M1d95omQoQ=

solfegejs@^4.0.0:
  version "4.0.0"
  resolved "https://registry.yarnpkg.com/solfegejs/-/solfegejs-4.0.0.tgz#bc961f2b9942386c8aa11eed5c2048e110eef0c8"
  integrity sha512-qCMKGGvgyxVuHxatWDTgQ9CB01hCJBwRy5gPlQllYLNMyY7vxhSOi11PrTnee8Gr3mcTjD0BWEh+egvysyKt+w==
  dependencies:
    "@solfege/application" "^4.0.1"
    "@solfege/cli" "^5.0.0"
    "@solfege/configuration" "^3.0.0"
    "@solfege/configuration-yaml-loader" "^2.0.0"
    "@solfege/dependency-injection" "^3.0.1"
    "@solfege/dependency-injection-configuration-aware" "^1.0.0"

sprintf-js@~1.0.2:
  version "1.0.3"
  resolved "https://registry.yarnpkg.com/sprintf-js/-/sprintf-js-1.0.3.tgz#04e6926f662895354f3dd015203633b857297e2c"
  integrity sha1-BOaSb2YolTVPPdAVIDYzuFcpfiw=
